// !$*UTF8*$!
{
	archiveVersion = 1;
	classes = {
	};
	objectVersion = 48;
	objects = {

/* Begin PBXBuildFile section */
		1FB98D311FBBC4CE005AE6AB /* TrafficLight.swift in Sources */ = {isa = PBXBuildFile; fileRef = 1FB98D301FBBC4CE005AE6AB /* TrafficLight.swift */; };
		1FB98D331FBBC515005AE6AB /* TrafficLightController.swift in Sources */ = {isa = PBXBuildFile; fileRef = 1FB98D321FBBC515005AE6AB /* TrafficLightController.swift */; };
		1FB98D351FBBC529005AE6AB /* Lane.swift in Sources */ = {isa = PBXBuildFile; fileRef = 1FB98D341FBBC529005AE6AB /* Lane.swift */; };
		1FB98D371FBBC542005AE6AB /* Car.swift in Sources */ = {isa = PBXBuildFile; fileRef = 1FB98D361FBBC542005AE6AB /* Car.swift */; };
		1FB98D3D1FBBCC30005AE6AB /* Intersection.swift in Sources */ = {isa = PBXBuildFile; fileRef = 1FD1EFDA1FB5779300958CEB /* Intersection.swift */; };
		1FB98D3E1FBBCC30005AE6AB /* Lane.swift in Sources */ = {isa = PBXBuildFile; fileRef = 1FB98D341FBBC529005AE6AB /* Lane.swift */; };
		1FB98D3F1FBBCC30005AE6AB /* TrafficLight.swift in Sources */ = {isa = PBXBuildFile; fileRef = 1FB98D301FBBC4CE005AE6AB /* TrafficLight.swift */; };
		1FB98D401FBBCC30005AE6AB /* TrafficLightController.swift in Sources */ = {isa = PBXBuildFile; fileRef = 1FB98D321FBBC515005AE6AB /* TrafficLightController.swift */; };
		1FB98D411FBBCC30005AE6AB /* Car.swift in Sources */ = {isa = PBXBuildFile; fileRef = 1FB98D361FBBC542005AE6AB /* Car.swift */; };
		1FD1EFC81FB563D900958CEB /* main.swift in Sources */ = {isa = PBXBuildFile; fileRef = 1FD1EFC71FB563D900958CEB /* main.swift */; };
		1FD1EFD51FB5649800958CEB /* YoursCoCodingChallengeTests.swift in Sources */ = {isa = PBXBuildFile; fileRef = 1FD1EFD41FB5649800958CEB /* YoursCoCodingChallengeTests.swift */; };
		1FD1EFDB1FB5779300958CEB /* Intersection.swift in Sources */ = {isa = PBXBuildFile; fileRef = 1FD1EFDA1FB5779300958CEB /* Intersection.swift */; };
/* End PBXBuildFile section */

/* Begin PBXCopyFilesBuildPhase section */
		1FD1EFC21FB563D900958CEB /* CopyFiles */ = {
			isa = PBXCopyFilesBuildPhase;
			buildActionMask = 2147483647;
			dstPath = /usr/share/man/man1/;
			dstSubfolderSpec = 0;
			files = (
			);
			runOnlyForDeploymentPostprocessing = 1;
		};
/* End PBXCopyFilesBuildPhase section */

/* Begin PBXFileReference section */
		1FB98D301FBBC4CE005AE6AB /* TrafficLight.swift */ = {isa = PBXFileReference; lastKnownFileType = sourcecode.swift; path = TrafficLight.swift; sourceTree = "<group>"; };
		1FB98D321FBBC515005AE6AB /* TrafficLightController.swift */ = {isa = PBXFileReference; lastKnownFileType = sourcecode.swift; path = TrafficLightController.swift; sourceTree = "<group>"; };
		1FB98D341FBBC529005AE6AB /* Lane.swift */ = {isa = PBXFileReference; lastKnownFileType = sourcecode.swift; path = Lane.swift; sourceTree = "<group>"; };
		1FB98D361FBBC542005AE6AB /* Car.swift */ = {isa = PBXFileReference; lastKnownFileType = sourcecode.swift; path = Car.swift; sourceTree = "<group>"; };
		1FD1EFC41FB563D900958CEB /* YoursCoCodingChallenge */ = {isa = PBXFileReference; explicitFileType = "compiled.mach-o.executable"; includeInIndex = 0; path = YoursCoCodingChallenge; sourceTree = BUILT_PRODUCTS_DIR; };
		1FD1EFC71FB563D900958CEB /* main.swift */ = {isa = PBXFileReference; lastKnownFileType = sourcecode.swift; path = main.swift; sourceTree = "<group>"; };
		1FD1EFD21FB5649800958CEB /* YoursCoCodingChallengeTests.xctest */ = {isa = PBXFileReference; explicitFileType = wrapper.cfbundle; includeInIndex = 0; path = YoursCoCodingChallengeTests.xctest; sourceTree = BUILT_PRODUCTS_DIR; };
		1FD1EFD41FB5649800958CEB /* YoursCoCodingChallengeTests.swift */ = {isa = PBXFileReference; lastKnownFileType = sourcecode.swift; path = YoursCoCodingChallengeTests.swift; sourceTree = "<group>"; };
		1FD1EFD61FB5649800958CEB /* Info.plist */ = {isa = PBXFileReference; lastKnownFileType = text.plist.xml; path = Info.plist; sourceTree = "<group>"; };
		1FD1EFDA1FB5779300958CEB /* Intersection.swift */ = {isa = PBXFileReference; lastKnownFileType = sourcecode.swift; path = Intersection.swift; sourceTree = "<group>"; };
/* End PBXFileReference section */

/* Begin PBXFrameworksBuildPhase section */
		1FD1EFC11FB563D900958CEB /* Frameworks */ = {
			isa = PBXFrameworksBuildPhase;
			buildActionMask = 2147483647;
			files = (
			);
			runOnlyForDeploymentPostprocessing = 0;
		};
		1FD1EFCF1FB5649800958CEB /* Frameworks */ = {
			isa = PBXFrameworksBuildPhase;
			buildActionMask = 2147483647;
			files = (
			);
			runOnlyForDeploymentPostprocessing = 0;
		};
/* End PBXFrameworksBuildPhase section */

/* Begin PBXGroup section */
		1FD1EFBB1FB563D900958CEB = {
			isa = PBXGroup;
			children = (
				1FD1EFC61FB563D900958CEB /* YoursCoCodingChallenge */,
				1FD1EFD31FB5649800958CEB /* YoursCoCodingChallengeTests */,
				1FD1EFC51FB563D900958CEB /* Products */,
			);
			sourceTree = "<group>";
		};
		1FD1EFC51FB563D900958CEB /* Products */ = {
			isa = PBXGroup;
			children = (
				1FD1EFC41FB563D900958CEB /* YoursCoCodingChallenge */,
				1FD1EFD21FB5649800958CEB /* YoursCoCodingChallengeTests.xctest */,
			);
			name = Products;
			sourceTree = "<group>";
		};
		1FD1EFC61FB563D900958CEB /* YoursCoCodingChallenge */ = {
			isa = PBXGroup;
			children = (
				1FD1EFC71FB563D900958CEB /* main.swift */,
				1FD1EFDA1FB5779300958CEB /* Intersection.swift */,
				1FB98D341FBBC529005AE6AB /* Lane.swift */,
				1FB98D301FBBC4CE005AE6AB /* TrafficLight.swift */,
				1FB98D321FBBC515005AE6AB /* TrafficLightController.swift */,
				1FB98D361FBBC542005AE6AB /* Car.swift */,
			);
			path = YoursCoCodingChallenge;
			sourceTree = "<group>";
		};
		1FD1EFD31FB5649800958CEB /* YoursCoCodingChallengeTests */ = {
			isa = PBXGroup;
			children = (
				1FD1EFD41FB5649800958CEB /* YoursCoCodingChallengeTests.swift */,
				1FD1EFD61FB5649800958CEB /* Info.plist */,
			);
			path = YoursCoCodingChallengeTests;
			sourceTree = "<group>";
		};
/* End PBXGroup section */

/* Begin PBXNativeTarget section */
		1FD1EFC31FB563D900958CEB /* YoursCoCodingChallenge */ = {
			isa = PBXNativeTarget;
			buildConfigurationList = 1FD1EFCB1FB563D900958CEB /* Build configuration list for PBXNativeTarget "YoursCoCodingChallenge" */;
			buildPhases = (
				1FD1EFC01FB563D900958CEB /* Sources */,
				1FD1EFC11FB563D900958CEB /* Frameworks */,
				1FD1EFC21FB563D900958CEB /* CopyFiles */,
			);
			buildRules = (
			);
			dependencies = (
			);
			name = YoursCoCodingChallenge;
			productName = YoursCoCodingChallenge;
			productReference = 1FD1EFC41FB563D900958CEB /* YoursCoCodingChallenge */;
			productType = "com.apple.product-type.tool";
		};
		1FD1EFD11FB5649800958CEB /* YoursCoCodingChallengeTests */ = {
			isa = PBXNativeTarget;
			buildConfigurationList = 1FD1EFD71FB5649800958CEB /* Build configuration list for PBXNativeTarget "YoursCoCodingChallengeTests" */;
			buildPhases = (
				1FD1EFCE1FB5649800958CEB /* Sources */,
				1FD1EFCF1FB5649800958CEB /* Frameworks */,
				1FD1EFD01FB5649800958CEB /* Resources */,
			);
			buildRules = (
			);
			dependencies = (
			);
			name = YoursCoCodingChallengeTests;
			productName = YoursCoCodingChallengeTests;
			productReference = 1FD1EFD21FB5649800958CEB /* YoursCoCodingChallengeTests.xctest */;
			productType = "com.apple.product-type.bundle.unit-test";
		};
/* End PBXNativeTarget section */

/* Begin PBXProject section */
		1FD1EFBC1FB563D900958CEB /* Project object */ = {
			isa = PBXProject;
			attributes = {
				LastSwiftUpdateCheck = 0900;
				LastUpgradeCheck = 0900;
				ORGANIZATIONNAME = "Jeff Nuss";
				TargetAttributes = {
					1FD1EFC31FB563D900958CEB = {
						CreatedOnToolsVersion = 9.0.1;
						ProvisioningStyle = Automatic;
					};
					1FD1EFD11FB5649800958CEB = {
						CreatedOnToolsVersion = 9.0.1;
						ProvisioningStyle = Automatic;
					};
				};
			};
			buildConfigurationList = 1FD1EFBF1FB563D900958CEB /* Build configuration list for PBXProject "YoursCoCodingChallenge" */;
			compatibilityVersion = "Xcode 8.0";
			developmentRegion = en;
			hasScannedForEncodings = 0;
			knownRegions = (
				en,
			);
			mainGroup = 1FD1EFBB1FB563D900958CEB;
			productRefGroup = 1FD1EFC51FB563D900958CEB /* Products */;
			projectDirPath = "";
			projectRoot = "";
			targets = (
				1FD1EFC31FB563D900958CEB /* YoursCoCodingChallenge */,
				1FD1EFD11FB5649800958CEB /* YoursCoCodingChallengeTests */,
			);
		};
/* End PBXProject section */

/* Begin PBXResourcesBuildPhase section */
		1FD1EFD01FB5649800958CEB /* Resources */ = {
			isa = PBXResourcesBuildPhase;
			buildActionMask = 2147483647;
			files = (
			);
			runOnlyForDeploymentPostprocessing = 0;
		};
/* End PBXResourcesBuildPhase section */

/* Begin PBXSourcesBuildPhase section */
		1FD1EFC01FB563D900958CEB /* Sources */ = {
			isa = PBXSourcesBuildPhase;
			buildActionMask = 2147483647;
			files = (
				1FB98D351FBBC529005AE6AB /* Lane.swift in Sources */,
				1FD1EFDB1FB5779300958CEB /* Intersection.swift in Sources */,
				1FB98D371FBBC542005AE6AB /* Car.swift in Sources */,
				1FD1EFC81FB563D900958CEB /* main.swift in Sources */,
				1FB98D331FBBC515005AE6AB /* TrafficLightController.swift in Sources */,
				1FB98D311FBBC4CE005AE6AB /* TrafficLight.swift in Sources */,
			);
			runOnlyForDeploymentPostprocessing = 0;
		};
		1FD1EFCE1FB5649800958CEB /* Sources */ = {
			isa = PBXSourcesBuildPhase;
			buildActionMask = 2147483647;
			files = (
				1FB98D3F1FBBCC30005AE6AB /* TrafficLight.swift in Sources */,
				1FB98D401FBBCC30005AE6AB /* TrafficLightController.swift in Sources */,
				1FB98D411FBBCC30005AE6AB /* Car.swift in Sources */,
				1FB98D3D1FBBCC30005AE6AB /* Intersection.swift in Sources */,
				1FD1EFD51FB5649800958CEB /* YoursCoCodingChallengeTests.swift in Sources */,
				1FB98D3E1FBBCC30005AE6AB /* Lane.swift in Sources */,
			);
			runOnlyForDeploymentPostprocessing = 0;
		};
/* End PBXSourcesBuildPhase section */

/* Begin XCBuildConfiguration section */
		1FD1EFC91FB563D900958CEB /* Debug */ = {
			isa = XCBuildConfiguration;
			buildSettings = {
				ALWAYS_SEARCH_USER_PATHS = NO;
				CLANG_ANALYZER_NONNULL = YES;
				CLANG_ANALYZER_NUMBER_OBJECT_CONVERSION = YES_AGGRESSIVE;
				CLANG_CXX_LANGUAGE_STANDARD = "gnu++14";
				CLANG_CXX_LIBRARY = "libc++";
				CLANG_ENABLE_MODULES = YES;
				CLANG_ENABLE_OBJC_ARC = YES;
				CLANG_WARN_BLOCK_CAPTURE_AUTORELEASING = YES;
				CLANG_WARN_BOOL_CONVERSION = YES;
				CLANG_WARN_COMMA = YES;
				CLANG_WARN_CONSTANT_CONVERSION = YES;
				CLANG_WARN_DIRECT_OBJC_ISA_USAGE = YES_ERROR;
				CLANG_WARN_DOCUMENTATION_COMMENTS = YES;
				CLANG_WARN_EMPTY_BODY = YES;
				CLANG_WARN_ENUM_CONVERSION = YES;
				CLANG_WARN_INFINITE_RECURSION = YES;
				CLANG_WARN_INT_CONVERSION = YES;
				CLANG_WARN_NON_LITERAL_NULL_CONVERSION = YES;
				CLANG_WARN_OBJC_LITERAL_CONVERSION = YES;
				CLANG_WARN_OBJC_ROOT_CLASS = YES_ERROR;
				CLANG_WARN_RANGE_LOOP_ANALYSIS = YES;
				CLANG_WARN_STRICT_PROTOTYPES = YES;
				CLANG_WARN_SUSPICIOUS_MOVE = YES;
				CLANG_WARN_UNGUARDED_AVAILABILITY = YES_AGGRESSIVE;
				CLANG_WARN_UNREACHABLE_CODE = YES;
				CLANG_WARN__DUPLICATE_METHOD_MATCH = YES;
				CODE_SIGN_IDENTITY = "-";
				COPY_PHASE_STRIP = NO;
				DEBUG_INFORMATION_FORMAT = dwarf;
				ENABLE_STRICT_OBJC_MSGSEND = YES;
				ENABLE_TESTABILITY = YES;
				GCC_C_LANGUAGE_STANDARD = gnu11;
				GCC_DYNAMIC_NO_PIC = NO;
				GCC_NO_COMMON_BLOCKS = YES;
				GCC_OPTIMIZATION_LEVEL = 0;
				GCC_PREPROCESSOR_DEFINITIONS = (
					"DEBUG=1",
					"$(inherited)",
				);
				GCC_WARN_64_TO_32_BIT_CONVERSION = YES;
				GCC_WARN_ABOUT_RETURN_TYPE = YES_ERROR;
				GCC_WARN_UNDECLARED_SELECTOR = YES;
				GCC_WARN_UNINITIALIZED_AUTOS = YES_AGGRESSIVE;
				GCC_WARN_UNUSED_FUNCTION = YES;
				GCC_WARN_UNUSED_VARIABLE = YES;
				MACOSX_DEPLOYMENT_TARGET = 10.12;
				MTL_ENABLE_DEBUG_INFO = YES;
				ONLY_ACTIVE_ARCH = YES;
				SDKROOT = macosx;
				SWIFT_ACTIVE_COMPILATION_CONDITIONS = DEBUG;
				SWIFT_OPTIMIZATION_LEVEL = "-Onone";
			};
			name = Debug;
		};
		1FD1EFCA1FB563D900958CEB /* Release */ = {
			isa = XCBuildConfiguration;
			buildSettings = {
				ALWAYS_SEARCH_USER_PATHS = NO;
				CLANG_ANALYZER_NONNULL = YES;
				CLANG_ANALYZER_NUMBER_OBJECT_CONVERSION = YES_AGGRESSIVE;
				CLANG_CXX_LANGUAGE_STANDARD = "gnu++14";
				CLANG_CXX_LIBRARY = "libc++";
				CLANG_ENABLE_MODULES = YES;
				CLANG_ENABLE_OBJC_ARC = YES;
				CLANG_WARN_BLOCK_CAPTURE_AUTORELEASING = YES;
				CLANG_WARN_BOOL_CONVERSION = YES;
				CLANG_WARN_COMMA = YES;
				CLANG_WARN_CONSTANT_CONVERSION = YES;
				CLANG_WARN_DIRECT_OBJC_ISA_USAGE = YES_ERROR;
				CLANG_WARN_DOCUMENTATION_COMMENTS = YES;
				CLANG_WARN_EMPTY_BODY = YES;
				CLANG_WARN_ENUM_CONVERSION = YES;
				CLANG_WARN_INFINITE_RECURSION = YES;
				CLANG_WARN_INT_CONVERSION = YES;
				CLANG_WARN_NON_LITERAL_NULL_CONVERSION = YES;
				CLANG_WARN_OBJC_LITERAL_CONVERSION = YES;
				CLANG_WARN_OBJC_ROOT_CLASS = YES_ERROR;
				CLANG_WARN_RANGE_LOOP_ANALYSIS = YES;
				CLANG_WARN_STRICT_PROTOTYPES = YES;
				CLANG_WARN_SUSPICIOUS_MOVE = YES;
				CLANG_WARN_UNGUARDED_AVAILABILITY = YES_AGGRESSIVE;
				CLANG_WARN_UNREACHABLE_CODE = YES;
				CLANG_WARN__DUPLICATE_METHOD_MATCH = YES;
				CODE_SIGN_IDENTITY = "-";
				COPY_PHASE_STRIP = NO;
				DEBUG_INFORMATION_FORMAT = "dwarf-with-dsym";
				ENABLE_NS_ASSERTIONS = NO;
				ENABLE_STRICT_OBJC_MSGSEND = YES;
				GCC_C_LANGUAGE_STANDARD = gnu11;
				GCC_NO_COMMON_BLOCKS = YES;
				GCC_WARN_64_TO_32_BIT_CONVERSION = YES;
				GCC_WARN_ABOUT_RETURN_TYPE = YES_ERROR;
				GCC_WARN_UNDECLARED_SELECTOR = YES;
				GCC_WARN_UNINITIALIZED_AUTOS = YES_AGGRESSIVE;
				GCC_WARN_UNUSED_FUNCTION = YES;
				GCC_WARN_UNUSED_VARIABLE = YES;
				MACOSX_DEPLOYMENT_TARGET = 10.12;
				MTL_ENABLE_DEBUG_INFO = NO;
				SDKROOT = macosx;
				SWIFT_OPTIMIZATION_LEVEL = "-Owholemodule";
			};
			name = Release;
		};
		1FD1EFCC1FB563D900958CEB /* Debug */ = {
			isa = XCBuildConfiguration;
			buildSettings = {
				CODE_SIGN_STYLE = Automatic;
				PRODUCT_NAME = "$(TARGET_NAME)";
				SWIFT_VERSION = 4.0;
			};
			name = Debug;
		};
		1FD1EFCD1FB563D900958CEB /* Release */ = {
			isa = XCBuildConfiguration;
			buildSettings = {
				CODE_SIGN_STYLE = Automatic;
				PRODUCT_NAME = "$(TARGET_NAME)";
				SWIFT_VERSION = 4.0;
			};
			name = Release;
		};
		1FD1EFD81FB5649800958CEB /* Debug */ = {
			isa = XCBuildConfiguration;
			buildSettings = {
				CODE_SIGN_STYLE = Automatic;
				COMBINE_HIDPI_IMAGES = YES;
				INFOPLIST_FILE = YoursCoCodingChallengeTests/Info.plist;
				LD_RUNPATH_SEARCH_PATHS = "$(inherited) @executable_path/../Frameworks @loader_path/../Frameworks";
				PRODUCT_BUNDLE_IDENTIFIER = com.jeffnuss.YoursCoCodingChallengeTests;
				PRODUCT_NAME = "$(TARGET_NAME)";
				SWIFT_VERSION = 4.0;
			};
			name = Debug;
		};
		1FD1EFD91FB5649800958CEB /* Release */ = {
			isa = XCBuildConfiguration;
			buildSettings = {
				CODE_SIGN_STYLE = Automatic;
				COMBINE_HIDPI_IMAGES = YES;
				INFOPLIST_FILE = YoursCoCodingChallengeTests/Info.plist;
				LD_RUNPATH_SEARCH_PATHS = "$(inherited) @executable_path/../Frameworks @loader_path/../Frameworks";
				PRODUCT_BUNDLE_IDENTIFIER = com.jeffnuss.YoursCoCodingChallengeTests;
				PRODUCT_NAME = "$(TARGET_NAME)";
				SWIFT_VERSION = 4.0;
			};
			name = Release;
		};
/* End XCBuildConfiguration section */

/* Begin XCConfigurationList section */
		1FD1EFBF1FB563D900958CEB /* Build configuration list for PBXProject "YoursCoCodingChallenge" */ = {
			isa = XCConfigurationList;
			buildConfigurations = (
				1FD1EFC91FB563D900958CEB /* Debug */,
				1FD1EFCA1FB563D900958CEB /* Release */,
			);
			defaultConfigurationIsVisible = 0;
			defaultConfigurationName = Release;
		};
		1FD1EFCB1FB563D900958CEB /* Build configuration list for PBXNativeTarget "YoursCoCodingChallenge" */ = {
			isa = XCConfigurationList;
			buildConfigurations = (
				1FD1EFCC1FB563D900958CEB /* Debug */,
				1FD1EFCD1FB563D900958CEB /* Release */,
			);
			defaultConfigurationIsVisible = 0;
			defaultConfigurationName = Release;
		};
		1FD1EFD71FB5649800958CEB /* Build configuration list for PBXNativeTarget "YoursCoCodingChallengeTests" */ = {
			isa = XCConfigurationList;
			buildConfigurations = (
				1FD1EFD81FB5649800958CEB /* Debug */,
				1FD1EFD91FB5649800958CEB /* Release */,
			);
			defaultConfigurationIsVisible = 0;
			defaultConfigurationName = Release;
		};
/* End XCConfigurationList section */
	};
	rootObject = 1FD1EFBC1FB563D900958CEB /* Project object */;
}
